
Microsoft Visual Studio Solution File, Format Version 12.00
# Visual Studio Version 17
VisualStudioVersion = 17.4.33213.308
MinimumVisualStudioVersion = 10.0.40219.1
Project("{FAE04EC0-301F-11D3-BF4B-00C04F79EFBC}") = "FamilyTree", "FamilyTree\FamilyTree.csproj", "{5B5DD99D-8758-4C2B-B0A1-116990373A11}"
EndProject
Global
	GlobalSection(SolutionConfigurationPlatforms) = preSolution
		Debug|Any CPU = Debug|Any CPU
		Release|Any CPU = Release|Any CPU
	EndGlobalSection
	GlobalSection(ProjectConfigurationPlatforms) = postSolution
		{5B5DD99D-8758-4C2B-B0A1-116990373A11}.Debug|Any CPU.ActiveCfg = Debug|Any CPU
		{5B5DD99D-8758-4C2B-B0A1-116990373A11}.Debug|Any CPU.Build.0 = Debug|Any CPU
		{5B5DD99D-8758-4C2B-B0A1-116990373A11}.Release|Any CPU.ActiveCfg = Release|Any CPU
		{5B5DD99D-8758-4C2B-B0A1-116990373A11}.Release|Any CPU.Build.0 = Release|Any CPU
	EndGlobalSection
	GlobalSection(SolutionProperties) = preSolution
		HideSolutionNode = FALSE
	EndGlobalSection
	GlobalSection(ExtensibilityGlobals) = postSolution
		SolutionGuid = {47F4DF23-E813-4032-B418-AA94A473477B}
	EndGlobalSection
EndGlobal
