
Microsoft Visual Studio Solution File, Format Version 12.00
# Visual Studio Version 17
VisualStudioVersion = 17.7.34031.279
MinimumVisualStudioVersion = 10.0.40219.1
Project("{2150E333-8FDC-42A3-9474-1A3956D46DE8}") = "BLL", "BLL", "{A2660771-2244-46FE-9E3C-5F3FB569CC13}"
EndProject
Project("{2150E333-8FDC-42A3-9474-1A3956D46DE8}") = "DAL", "DAL", "{26B9AAB8-ED4D-4708-A0DF-D298678757DE}"
EndProject
Project("{2150E333-8FDC-42A3-9474-1A3956D46DE8}") = "WPF", "WPF", "{9C72CC6E-4A74-4794-BEDD-A82E84BB00F0}"
EndProject
Project("{9A19103F-16F7-4668-BE54-9A1E7A4F7556}") = "FamilyTree.BLL", "FamilyTree.BLL\FamilyTree.BLL.csproj", "{EC79F6E0-4DDF-4F36-9043-F22A5E07C405}"
EndProject
Project("{9A19103F-16F7-4668-BE54-9A1E7A4F7556}") = "FamilyTree.DAL", "FamilyTree.DAL\FamilyTree.DAL.csproj", "{5C10A573-1613-4ED9-87AB-6F00DF3F6E89}"
EndProject
Project("{9A19103F-16F7-4668-BE54-9A1E7A4F7556}") = "FamilyTree.WPF", "FamilyTree.WPF\FamilyTree.WPF.csproj", "{26578E24-5D53-435F-8A2A-1352399E68C9}"
EndProject
Project("{2150E333-8FDC-42A3-9474-1A3956D46DE8}") = "Solution Items", "Solution Items", "{6F268C35-278C-45CC-93DB-A74648BB88AA}"
	ProjectSection(SolutionItems) = preProject
		.editorconfig = .editorconfig
	EndProjectSection
EndProject
Project("{2150E333-8FDC-42A3-9474-1A3956D46DE8}") = "Tests", "Tests", "{CF1E5CB6-7A46-444D-9812-AD88D2660638}"
EndProject
Project("{FAE04EC0-301F-11D3-BF4B-00C04F79EFBC}") = "FamilyTree.Tests", "FamilyTree.Tests\FamilyTree.Tests.csproj", "{204BAF8B-ACFE-4194-9D3D-DBE07CD75B31}"
EndProject
Global
	GlobalSection(SolutionConfigurationPlatforms) = preSolution
		Debug|Any CPU = Debug|Any CPU
		Release|Any CPU = Release|Any CPU
	EndGlobalSection
	GlobalSection(ProjectConfigurationPlatforms) = postSolution
		{EC79F6E0-4DDF-4F36-9043-F22A5E07C405}.Debug|Any CPU.ActiveCfg = Debug|Any CPU
		{EC79F6E0-4DDF-4F36-9043-F22A5E07C405}.Debug|Any CPU.Build.0 = Debug|Any CPU
		{EC79F6E0-4DDF-4F36-9043-F22A5E07C405}.Release|Any CPU.ActiveCfg = Release|Any CPU
		{EC79F6E0-4DDF-4F36-9043-F22A5E07C405}.Release|Any CPU.Build.0 = Release|Any CPU
		{5C10A573-1613-4ED9-87AB-6F00DF3F6E89}.Debug|Any CPU.ActiveCfg = Debug|Any CPU
		{5C10A573-1613-4ED9-87AB-6F00DF3F6E89}.Debug|Any CPU.Build.0 = Debug|Any CPU
		{5C10A573-1613-4ED9-87AB-6F00DF3F6E89}.Release|Any CPU.ActiveCfg = Release|Any CPU
		{5C10A573-1613-4ED9-87AB-6F00DF3F6E89}.Release|Any CPU.Build.0 = Release|Any CPU
		{26578E24-5D53-435F-8A2A-1352399E68C9}.Debug|Any CPU.ActiveCfg = Debug|Any CPU
		{26578E24-5D53-435F-8A2A-1352399E68C9}.Debug|Any CPU.Build.0 = Debug|Any CPU
		{26578E24-5D53-435F-8A2A-1352399E68C9}.Release|Any CPU.ActiveCfg = Release|Any CPU
		{26578E24-5D53-435F-8A2A-1352399E68C9}.Release|Any CPU.Build.0 = Release|Any CPU
		{204BAF8B-ACFE-4194-9D3D-DBE07CD75B31}.Debug|Any CPU.ActiveCfg = Debug|Any CPU
		{204BAF8B-ACFE-4194-9D3D-DBE07CD75B31}.Debug|Any CPU.Build.0 = Debug|Any CPU
		{204BAF8B-ACFE-4194-9D3D-DBE07CD75B31}.Release|Any CPU.ActiveCfg = Release|Any CPU
		{204BAF8B-ACFE-4194-9D3D-DBE07CD75B31}.Release|Any CPU.Build.0 = Release|Any CPU
	EndGlobalSection
	GlobalSection(SolutionProperties) = preSolution
		HideSolutionNode = FALSE
	EndGlobalSection
	GlobalSection(NestedProjects) = preSolution
		{EC79F6E0-4DDF-4F36-9043-F22A5E07C405} = {A2660771-2244-46FE-9E3C-5F3FB569CC13}
		{5C10A573-1613-4ED9-87AB-6F00DF3F6E89} = {26B9AAB8-ED4D-4708-A0DF-D298678757DE}
		{26578E24-5D53-435F-8A2A-1352399E68C9} = {9C72CC6E-4A74-4794-BEDD-A82E84BB00F0}
		{204BAF8B-ACFE-4194-9D3D-DBE07CD75B31} = {CF1E5CB6-7A46-444D-9812-AD88D2660638}
	EndGlobalSection
	GlobalSection(ExtensibilityGlobals) = postSolution
		SolutionGuid = {CA289D99-4406-4195-B7FA-D926CE54AEDD}
	EndGlobalSection
EndGlobal
